// !$*UTF8*$!
{
	archiveVersion = 1;
	classes = {
	};
	objectVersion = 46;
	objects = {

/* Begin PBXBuildFile section */
		191F0BE71D06CA2E00B445EE /* TestViewController.m in Sources */ = {isa = PBXBuildFile; fileRef = 191F0BE61D06CA2E00B445EE /* TestViewController.m */; };
		195C55DB1CFEFD9F00F61FB7 /* main.m in Sources */ = {isa = PBXBuildFile; fileRef = 195C55DA1CFEFD9F00F61FB7 /* main.m */; };
		195C55DE1CFEFD9F00F61FB7 /* AppDelegate.m in Sources */ = {isa = PBXBuildFile; fileRef = 195C55DD1CFEFD9F00F61FB7 /* AppDelegate.m */; };
		195C55E11CFEFD9F00F61FB7 /* ViewController.m in Sources */ = {isa = PBXBuildFile; fileRef = 195C55E01CFEFD9F00F61FB7 /* ViewController.m */; };
		195C55E41CFEFD9F00F61FB7 /* Main.storyboard in Resources */ = {isa = PBXBuildFile; fileRef = 195C55E21CFEFD9F00F61FB7 /* Main.storyboard */; };
		195C55E61CFEFD9F00F61FB7 /* Assets.xcassets in Resources */ = {isa = PBXBuildFile; fileRef = 195C55E51CFEFD9F00F61FB7 /* Assets.xcassets */; };
		195C55E91CFEFD9F00F61FB7 /* LaunchScreen.storyboard in Resources */ = {isa = PBXBuildFile; fileRef = 195C55E71CFEFD9F00F61FB7 /* LaunchScreen.storyboard */; };
		195C55F41CFEFD9F00F61FB7 /* SAKitDemoTests.m in Sources */ = {isa = PBXBuildFile; fileRef = 195C55F31CFEFD9F00F61FB7 /* SAKitDemoTests.m */; };
		195C56731CFF0CB200F61FB7 /* SAMutilSelectedItem.m in Sources */ = {isa = PBXBuildFile; fileRef = 195C566B1CFF0CB200F61FB7 /* SAMutilSelectedItem.m */; };
		195C56741CFF0CB200F61FB7 /* SAMutilSelectedView.m in Sources */ = {isa = PBXBuildFile; fileRef = 195C566D1CFF0CB200F61FB7 /* SAMutilSelectedView.m */; };
		195C56761CFF0CB200F61FB7 /* UIViewController+SAExtend.m in Sources */ = {isa = PBXBuildFile; fileRef = 195C56711CFF0CB200F61FB7 /* UIViewController+SAExtend.m */; };
		195D90B21CFFF68F00BF95DA /* SAAlert.m in Sources */ = {isa = PBXBuildFile; fileRef = 195D90B11CFFF68F00BF95DA /* SAAlert.m */; };
		198DABBE1D06F18C000BDEFF /* SANavigationController.m in Sources */ = {isa = PBXBuildFile; fileRef = 198DABBD1D06F18C000BDEFF /* SANavigationController.m */; };
		3527487B1D803CBE00906993 /* SAFontKit.m in Sources */ = {isa = PBXBuildFile; fileRef = 3527487A1D803CBE00906993 /* SAFontKit.m */; };
		8581BDE2901CAEFCB7668CE3 /* libPods-SAKitDemo.a in Frameworks */ = {isa = PBXBuildFile; fileRef = 9FD9502FBC5354E4F863FF1E /* libPods-SAKitDemo.a */; };
		902E6B2E1D7902710011FFA5 /* UIScrollView+NextRespond.m in Sources */ = {isa = PBXBuildFile; fileRef = 902E6B2D1D7902710011FFA5 /* UIScrollView+NextRespond.m */; };
		DA3C540E1DD1B2A100C24C0D /* RootViewController.m in Sources */ = {isa = PBXBuildFile; fileRef = DA3C540D1DD1B2A100C24C0D /* RootViewController.m */; };
		DA4505EA1D91227600634F95 /* SACardSingleView.m in Sources */ = {isa = PBXBuildFile; fileRef = DA4505E91D91227600634F95 /* SACardSingleView.m */; };
		DA5AEC961D77B1690006F261 /* CALayer+SAExtend.m in Sources */ = {isa = PBXBuildFile; fileRef = DA5AEC931D77B1690006F261 /* CALayer+SAExtend.m */; };
		DA5AEC971D77B1690006F261 /* SAProgressHUD.m in Sources */ = {isa = PBXBuildFile; fileRef = DA5AEC951D77B1690006F261 /* SAProgressHUD.m */; };
		DA5AEC9B1D77B2B10006F261 /* SACardView.m in Sources */ = {isa = PBXBuildFile; fileRef = DA5AEC9A1D77B2B10006F261 /* SACardView.m */; };
		DA6DE5D41DD49FC000777C1C /* SACardAssistKit.m in Sources */ = {isa = PBXBuildFile; fileRef = DA6DE5C51DD49FC000777C1C /* SACardAssistKit.m */; };
		DA6DE5D51DD49FC000777C1C /* SACardInfoBottomView.m in Sources */ = {isa = PBXBuildFile; fileRef = DA6DE5C71DD49FC000777C1C /* SACardInfoBottomView.m */; };
		DA6DE5D61DD49FC000777C1C /* SACardInfoCollectionViewLayout.m in Sources */ = {isa = PBXBuildFile; fileRef = DA6DE5C91DD49FC000777C1C /* SACardInfoCollectionViewLayout.m */; };
		DA6DE5D71DD49FC000777C1C /* SACardInfoTopView.m in Sources */ = {isa = PBXBuildFile; fileRef = DA6DE5CB1DD49FC000777C1C /* SACardInfoTopView.m */; };
		DA6DE5D81DD49FC000777C1C /* SACardInfoView.m in Sources */ = {isa = PBXBuildFile; fileRef = DA6DE5CD1DD49FC000777C1C /* SACardInfoView.m */; };
		DA6DE5D91DD49FC000777C1C /* SACardInfoViewManager.m in Sources */ = {isa = PBXBuildFile; fileRef = DA6DE5CF1DD49FC000777C1C /* SACardInfoViewManager.m */; };
		DA6DE5DA1DD49FC000777C1C /* SAPageControl.m in Sources */ = {isa = PBXBuildFile; fileRef = DA6DE5D11DD49FC000777C1C /* SAPageControl.m */; };
		DA6DE5DB1DD49FC000777C1C /* UIView+SAExtend.m in Sources */ = {isa = PBXBuildFile; fileRef = DA6DE5D31DD49FC000777C1C /* UIView+SAExtend.m */; };
		DA6DE5E71DD49FD200777C1C /* SABubbleView.m in Sources */ = {isa = PBXBuildFile; fileRef = DA6DE5DE1DD49FD200777C1C /* SABubbleView.m */; };
		DA6DE5E81DD49FD200777C1C /* SACardAssistView.m in Sources */ = {isa = PBXBuildFile; fileRef = DA6DE5E01DD49FD200777C1C /* SACardAssistView.m */; };
		DA6DE5E91DD49FD200777C1C /* SACardCollectionViewLayout.m in Sources */ = {isa = PBXBuildFile; fileRef = DA6DE5E21DD49FD200777C1C /* SACardCollectionViewLayout.m */; };
		DA6DE5EA1DD49FD200777C1C /* SACardScanCodeView.m in Sources */ = {isa = PBXBuildFile; fileRef = DA6DE5E41DD49FD200777C1C /* SACardScanCodeView.m */; };
		DA6DE5EB1DD49FD200777C1C /* SAScanCodeView.m in Sources */ = {isa = PBXBuildFile; fileRef = DA6DE5E61DD49FD200777C1C /* SAScanCodeView.m */; };
		DAB062571DC44A5800BB3AF3 /* SAMenuView.m in Sources */ = {isa = PBXBuildFile; fileRef = DAB062561DC44A5800BB3AF3 /* SAMenuView.m */; };
		DAF22B901DCF031B0008A81F /* SATransitionReversibleAnimation.m in Sources */ = {isa = PBXBuildFile; fileRef = DAF22B8F1DCF031B0008A81F /* SATransitionReversibleAnimation.m */; };
		DAF22B961DCF12C60008A81F /* SATransitionEdgePanInteraction.m in Sources */ = {isa = PBXBuildFile; fileRef = DAF22B951DCF12C60008A81F /* SATransitionEdgePanInteraction.m */; };
/* End PBXBuildFile section */

/* Begin PBXContainerItemProxy section */
		195C55F01CFEFD9F00F61FB7 /* PBXContainerItemProxy */ = {
			isa = PBXContainerItemProxy;
			containerPortal = 195C55CE1CFEFD9F00F61FB7 /* Project object */;
			proxyType = 1;
			remoteGlobalIDString = 195C55D51CFEFD9F00F61FB7;
			remoteInfo = SAKitDemo;
		};
/* End PBXContainerItemProxy section */

/* Begin PBXFileReference section */
		191F0BE51D06CA2E00B445EE /* TestViewController.h */ = {isa = PBXFileReference; fileEncoding = 4; lastKnownFileType = sourcecode.c.h; path = TestViewController.h; sourceTree = "<group>"; };
		191F0BE61D06CA2E00B445EE /* TestViewController.m */ = {isa = PBXFileReference; fileEncoding = 4; lastKnownFileType = sourcecode.c.objc; path = TestViewController.m; sourceTree = "<group>"; };
		195C55D61CFEFD9F00F61FB7 /* SAKitDemo.app */ = {isa = PBXFileReference; explicitFileType = wrapper.application; includeInIndex = 0; path = SAKitDemo.app; sourceTree = BUILT_PRODUCTS_DIR; };
		195C55DA1CFEFD9F00F61FB7 /* main.m */ = {isa = PBXFileReference; lastKnownFileType = sourcecode.c.objc; path = main.m; sourceTree = "<group>"; };
		195C55DC1CFEFD9F00F61FB7 /* AppDelegate.h */ = {isa = PBXFileReference; lastKnownFileType = sourcecode.c.h; path = AppDelegate.h; sourceTree = "<group>"; };
		195C55DD1CFEFD9F00F61FB7 /* AppDelegate.m */ = {isa = PBXFileReference; lastKnownFileType = sourcecode.c.objc; path = AppDelegate.m; sourceTree = "<group>"; };
		195C55DF1CFEFD9F00F61FB7 /* ViewController.h */ = {isa = PBXFileReference; lastKnownFileType = sourcecode.c.h; path = ViewController.h; sourceTree = "<group>"; };
		195C55E01CFEFD9F00F61FB7 /* ViewController.m */ = {isa = PBXFileReference; lastKnownFileType = sourcecode.c.objc; path = ViewController.m; sourceTree = "<group>"; };
		195C55E31CFEFD9F00F61FB7 /* Base */ = {isa = PBXFileReference; lastKnownFileType = file.storyboard; name = Base; path = Base.lproj/Main.storyboard; sourceTree = "<group>"; };
		195C55E51CFEFD9F00F61FB7 /* Assets.xcassets */ = {isa = PBXFileReference; lastKnownFileType = folder.assetcatalog; path = Assets.xcassets; sourceTree = "<group>"; };
		195C55E81CFEFD9F00F61FB7 /* Base */ = {isa = PBXFileReference; lastKnownFileType = file.storyboard; name = Base; path = Base.lproj/LaunchScreen.storyboard; sourceTree = "<group>"; };
		195C55EA1CFEFD9F00F61FB7 /* Info.plist */ = {isa = PBXFileReference; lastKnownFileType = text.plist.xml; path = Info.plist; sourceTree = "<group>"; };
		195C55EF1CFEFD9F00F61FB7 /* SAKitDemoTests.xctest */ = {isa = PBXFileReference; explicitFileType = wrapper.cfbundle; includeInIndex = 0; path = SAKitDemoTests.xctest; sourceTree = BUILT_PRODUCTS_DIR; };
		195C55F31CFEFD9F00F61FB7 /* SAKitDemoTests.m */ = {isa = PBXFileReference; lastKnownFileType = sourcecode.c.objc; path = SAKitDemoTests.m; sourceTree = "<group>"; };
		195C55F51CFEFD9F00F61FB7 /* Info.plist */ = {isa = PBXFileReference; lastKnownFileType = text.plist.xml; path = Info.plist; sourceTree = "<group>"; };
		195C566A1CFF0CB200F61FB7 /* SAMutilSelectedItem.h */ = {isa = PBXFileReference; fileEncoding = 4; lastKnownFileType = sourcecode.c.h; path = SAMutilSelectedItem.h; sourceTree = "<group>"; };
		195C566B1CFF0CB200F61FB7 /* SAMutilSelectedItem.m */ = {isa = PBXFileReference; fileEncoding = 4; lastKnownFileType = sourcecode.c.objc; path = SAMutilSelectedItem.m; sourceTree = "<group>"; };
		195C566C1CFF0CB200F61FB7 /* SAMutilSelectedView.h */ = {isa = PBXFileReference; fileEncoding = 4; lastKnownFileType = sourcecode.c.h; path = SAMutilSelectedView.h; sourceTree = "<group>"; };
		195C566D1CFF0CB200F61FB7 /* SAMutilSelectedView.m */ = {isa = PBXFileReference; fileEncoding = 4; lastKnownFileType = sourcecode.c.objc; path = SAMutilSelectedView.m; sourceTree = "<group>"; };
		195C56701CFF0CB200F61FB7 /* UIViewController+SAExtend.h */ = {isa = PBXFileReference; fileEncoding = 4; lastKnownFileType = sourcecode.c.h; path = "UIViewController+SAExtend.h"; sourceTree = "<group>"; };
		195C56711CFF0CB200F61FB7 /* UIViewController+SAExtend.m */ = {isa = PBXFileReference; fileEncoding = 4; lastKnownFileType = sourcecode.c.objc; path = "UIViewController+SAExtend.m"; sourceTree = "<group>"; };
		195D90B01CFFF68F00BF95DA /* SAAlert.h */ = {isa = PBXFileReference; fileEncoding = 4; lastKnownFileType = sourcecode.c.h; path = SAAlert.h; sourceTree = "<group>"; };
		195D90B11CFFF68F00BF95DA /* SAAlert.m */ = {isa = PBXFileReference; fileEncoding = 4; lastKnownFileType = sourcecode.c.objc; path = SAAlert.m; sourceTree = "<group>"; };
		198DABBC1D06F18C000BDEFF /* SANavigationController.h */ = {isa = PBXFileReference; fileEncoding = 4; lastKnownFileType = sourcecode.c.h; path = SANavigationController.h; sourceTree = "<group>"; };
		198DABBD1D06F18C000BDEFF /* SANavigationController.m */ = {isa = PBXFileReference; fileEncoding = 4; lastKnownFileType = sourcecode.c.objc; path = SANavigationController.m; sourceTree = "<group>"; };
		352748791D803CBE00906993 /* SAFontKit.h */ = {isa = PBXFileReference; fileEncoding = 4; lastKnownFileType = sourcecode.c.h; path = SAFontKit.h; sourceTree = "<group>"; };
		3527487A1D803CBE00906993 /* SAFontKit.m */ = {isa = PBXFileReference; fileEncoding = 4; lastKnownFileType = sourcecode.c.objc; path = SAFontKit.m; sourceTree = "<group>"; };
		902E6B2C1D7902710011FFA5 /* UIScrollView+NextRespond.h */ = {isa = PBXFileReference; fileEncoding = 4; lastKnownFileType = sourcecode.c.h; path = "UIScrollView+NextRespond.h"; sourceTree = "<group>"; };
		902E6B2D1D7902710011FFA5 /* UIScrollView+NextRespond.m */ = {isa = PBXFileReference; fileEncoding = 4; lastKnownFileType = sourcecode.c.objc; path = "UIScrollView+NextRespond.m"; sourceTree = "<group>"; };
		9FD9502FBC5354E4F863FF1E /* libPods-SAKitDemo.a */ = {isa = PBXFileReference; explicitFileType = archive.ar; includeInIndex = 0; path = "libPods-SAKitDemo.a"; sourceTree = BUILT_PRODUCTS_DIR; };
		AF7BD32956DFDB632A651DAA /* Pods-SAKitDemo.debug.xcconfig */ = {isa = PBXFileReference; includeInIndex = 1; lastKnownFileType = text.xcconfig; name = "Pods-SAKitDemo.debug.xcconfig"; path = "Pods/Target Support Files/Pods-SAKitDemo/Pods-SAKitDemo.debug.xcconfig"; sourceTree = "<group>"; };
		DA3C540C1DD1B2A100C24C0D /* RootViewController.h */ = {isa = PBXFileReference; fileEncoding = 4; lastKnownFileType = sourcecode.c.h; path = RootViewController.h; sourceTree = "<group>"; };
		DA3C540D1DD1B2A100C24C0D /* RootViewController.m */ = {isa = PBXFileReference; fileEncoding = 4; lastKnownFileType = sourcecode.c.objc; path = RootViewController.m; sourceTree = "<group>"; };
		DA4505E81D91227600634F95 /* SACardSingleView.h */ = {isa = PBXFileReference; fileEncoding = 4; lastKnownFileType = sourcecode.c.h; path = SACardSingleView.h; sourceTree = "<group>"; };
		DA4505E91D91227600634F95 /* SACardSingleView.m */ = {isa = PBXFileReference; fileEncoding = 4; lastKnownFileType = sourcecode.c.objc; path = SACardSingleView.m; sourceTree = "<group>"; };
		DA5AEC921D77B1690006F261 /* CALayer+SAExtend.h */ = {isa = PBXFileReference; fileEncoding = 4; lastKnownFileType = sourcecode.c.h; path = "CALayer+SAExtend.h"; sourceTree = "<group>"; };
		DA5AEC931D77B1690006F261 /* CALayer+SAExtend.m */ = {isa = PBXFileReference; fileEncoding = 4; lastKnownFileType = sourcecode.c.objc; path = "CALayer+SAExtend.m"; sourceTree = "<group>"; };
		DA5AEC941D77B1690006F261 /* SAProgressHUD.h */ = {isa = PBXFileReference; fileEncoding = 4; lastKnownFileType = sourcecode.c.h; path = SAProgressHUD.h; sourceTree = "<group>"; };
		DA5AEC951D77B1690006F261 /* SAProgressHUD.m */ = {isa = PBXFileReference; fileEncoding = 4; lastKnownFileType = sourcecode.c.objc; path = SAProgressHUD.m; sourceTree = "<group>"; };
		DA5AEC991D77B2B10006F261 /* SACardView.h */ = {isa = PBXFileReference; fileEncoding = 4; lastKnownFileType = sourcecode.c.h; path = SACardView.h; sourceTree = "<group>"; };
		DA5AEC9A1D77B2B10006F261 /* SACardView.m */ = {isa = PBXFileReference; fileEncoding = 4; lastKnownFileType = sourcecode.c.objc; path = SACardView.m; sourceTree = "<group>"; };
		DA6DE5C41DD49FC000777C1C /* SACardAssistKit.h */ = {isa = PBXFileReference; fileEncoding = 4; lastKnownFileType = sourcecode.c.h; path = SACardAssistKit.h; sourceTree = "<group>"; };
		DA6DE5C51DD49FC000777C1C /* SACardAssistKit.m */ = {isa = PBXFileReference; fileEncoding = 4; lastKnownFileType = sourcecode.c.objc; path = SACardAssistKit.m; sourceTree = "<group>"; };
		DA6DE5C61DD49FC000777C1C /* SACardInfoBottomView.h */ = {isa = PBXFileReference; fileEncoding = 4; lastKnownFileType = sourcecode.c.h; path = SACardInfoBottomView.h; sourceTree = "<group>"; };
		DA6DE5C71DD49FC000777C1C /* SACardInfoBottomView.m */ = {isa = PBXFileReference; fileEncoding = 4; lastKnownFileType = sourcecode.c.objc; path = SACardInfoBottomView.m; sourceTree = "<group>"; };
		DA6DE5C81DD49FC000777C1C /* SACardInfoCollectionViewLayout.h */ = {isa = PBXFileReference; fileEncoding = 4; lastKnownFileType = sourcecode.c.h; path = SACardInfoCollectionViewLayout.h; sourceTree = "<group>"; };
		DA6DE5C91DD49FC000777C1C /* SACardInfoCollectionViewLayout.m */ = {isa = PBXFileReference; fileEncoding = 4; lastKnownFileType = sourcecode.c.objc; path = SACardInfoCollectionViewLayout.m; sourceTree = "<group>"; };
		DA6DE5CA1DD49FC000777C1C /* SACardInfoTopView.h */ = {isa = PBXFileReference; fileEncoding = 4; lastKnownFileType = sourcecode.c.h; path = SACardInfoTopView.h; sourceTree = "<group>"; };
		DA6DE5CB1DD49FC000777C1C /* SACardInfoTopView.m */ = {isa = PBXFileReference; fileEncoding = 4; lastKnownFileType = sourcecode.c.objc; path = SACardInfoTopView.m; sourceTree = "<group>"; };
		DA6DE5CC1DD49FC000777C1C /* SACardInfoView.h */ = {isa = PBXFileReference; fileEncoding = 4; lastKnownFileType = sourcecode.c.h; path = SACardInfoView.h; sourceTree = "<group>"; };
		DA6DE5CD1DD49FC000777C1C /* SACardInfoView.m */ = {isa = PBXFileReference; fileEncoding = 4; lastKnownFileType = sourcecode.c.objc; path = SACardInfoView.m; sourceTree = "<group>"; };
		DA6DE5CE1DD49FC000777C1C /* SACardInfoViewManager.h */ = {isa = PBXFileReference; fileEncoding = 4; lastKnownFileType = sourcecode.c.h; path = SACardInfoViewManager.h; sourceTree = "<group>"; };
		DA6DE5CF1DD49FC000777C1C /* SACardInfoViewManager.m */ = {isa = PBXFileReference; fileEncoding = 4; lastKnownFileType = sourcecode.c.objc; path = SACardInfoViewManager.m; sourceTree = "<group>"; };
		DA6DE5D01DD49FC000777C1C /* SAPageControl.h */ = {isa = PBXFileReference; fileEncoding = 4; lastKnownFileType = sourcecode.c.h; path = SAPageControl.h; sourceTree = "<group>"; };
		DA6DE5D11DD49FC000777C1C /* SAPageControl.m */ = {isa = PBXFileReference; fileEncoding = 4; lastKnownFileType = sourcecode.c.objc; path = SAPageControl.m; sourceTree = "<group>"; };
		DA6DE5D21DD49FC000777C1C /* UIView+SAExtend.h */ = {isa = PBXFileReference; fileEncoding = 4; lastKnownFileType = sourcecode.c.h; path = "UIView+SAExtend.h"; sourceTree = "<group>"; };
		DA6DE5D31DD49FC000777C1C /* UIView+SAExtend.m */ = {isa = PBXFileReference; fileEncoding = 4; lastKnownFileType = sourcecode.c.objc; path = "UIView+SAExtend.m"; sourceTree = "<group>"; };
		DA6DE5DD1DD49FD200777C1C /* SABubbleView.h */ = {isa = PBXFileReference; fileEncoding = 4; lastKnownFileType = sourcecode.c.h; path = SABubbleView.h; sourceTree = "<group>"; };
		DA6DE5DE1DD49FD200777C1C /* SABubbleView.m */ = {isa = PBXFileReference; fileEncoding = 4; lastKnownFileType = sourcecode.c.objc; path = SABubbleView.m; sourceTree = "<group>"; };
		DA6DE5DF1DD49FD200777C1C /* SACardAssistView.h */ = {isa = PBXFileReference; fileEncoding = 4; lastKnownFileType = sourcecode.c.h; path = SACardAssistView.h; sourceTree = "<group>"; };
		DA6DE5E01DD49FD200777C1C /* SACardAssistView.m */ = {isa = PBXFileReference; fileEncoding = 4; lastKnownFileType = sourcecode.c.objc; path = SACardAssistView.m; sourceTree = "<group>"; };
		DA6DE5E11DD49FD200777C1C /* SACardCollectionViewLayout.h */ = {isa = PBXFileReference; fileEncoding = 4; lastKnownFileType = sourcecode.c.h; path = SACardCollectionViewLayout.h; sourceTree = "<group>"; };
		DA6DE5E21DD49FD200777C1C /* SACardCollectionViewLayout.m */ = {isa = PBXFileReference; fileEncoding = 4; lastKnownFileType = sourcecode.c.objc; path = SACardCollectionViewLayout.m; sourceTree = "<group>"; };
		DA6DE5E31DD49FD200777C1C /* SACardScanCodeView.h */ = {isa = PBXFileReference; fileEncoding = 4; lastKnownFileType = sourcecode.c.h; path = SACardScanCodeView.h; sourceTree = "<group>"; };
		DA6DE5E41DD49FD200777C1C /* SACardScanCodeView.m */ = {isa = PBXFileReference; fileEncoding = 4; lastKnownFileType = sourcecode.c.objc; path = SACardScanCodeView.m; sourceTree = "<group>"; };
		DA6DE5E51DD49FD200777C1C /* SAScanCodeView.h */ = {isa = PBXFileReference; fileEncoding = 4; lastKnownFileType = sourcecode.c.h; path = SAScanCodeView.h; sourceTree = "<group>"; };
		DA6DE5E61DD49FD200777C1C /* SAScanCodeView.m */ = {isa = PBXFileReference; fileEncoding = 4; lastKnownFileType = sourcecode.c.objc; path = SAScanCodeView.m; sourceTree = "<group>"; };
		DAB062551DC44A5800BB3AF3 /* SAMenuView.h */ = {isa = PBXFileReference; fileEncoding = 4; lastKnownFileType = sourcecode.c.h; path = SAMenuView.h; sourceTree = "<group>"; };
		DAB062561DC44A5800BB3AF3 /* SAMenuView.m */ = {isa = PBXFileReference; fileEncoding = 4; lastKnownFileType = sourcecode.c.objc; path = SAMenuView.m; sourceTree = "<group>"; };
		DAF22B8E1DCF031B0008A81F /* SATransitionReversibleAnimation.h */ = {isa = PBXFileReference; fileEncoding = 4; lastKnownFileType = sourcecode.c.h; path = SATransitionReversibleAnimation.h; sourceTree = "<group>"; };
		DAF22B8F1DCF031B0008A81F /* SATransitionReversibleAnimation.m */ = {isa = PBXFileReference; fileEncoding = 4; lastKnownFileType = sourcecode.c.objc; path = SATransitionReversibleAnimation.m; sourceTree = "<group>"; };
		DAF22B941DCF12C50008A81F /* SATransitionEdgePanInteraction.h */ = {isa = PBXFileReference; fileEncoding = 4; lastKnownFileType = sourcecode.c.h; path = SATransitionEdgePanInteraction.h; sourceTree = "<group>"; };
		DAF22B951DCF12C60008A81F /* SATransitionEdgePanInteraction.m */ = {isa = PBXFileReference; fileEncoding = 4; lastKnownFileType = sourcecode.c.objc; path = SATransitionEdgePanInteraction.m; sourceTree = "<group>"; };
		DCBB27EBA3C755A3E9A43C84 /* Pods-SAKitDemo.release.xcconfig */ = {isa = PBXFileReference; includeInIndex = 1; lastKnownFileType = text.xcconfig; name = "Pods-SAKitDemo.release.xcconfig"; path = "Pods/Target Support Files/Pods-SAKitDemo/Pods-SAKitDemo.release.xcconfig"; sourceTree = "<group>"; };
/* End PBXFileReference section */

/* Begin PBXFrameworksBuildPhase section */
		195C55D31CFEFD9F00F61FB7 /* Frameworks */ = {
			isa = PBXFrameworksBuildPhase;
			buildActionMask = 2147483647;
			files = (
				8581BDE2901CAEFCB7668CE3 /* libPods-SAKitDemo.a in Frameworks */,
			);
			runOnlyForDeploymentPostprocessing = 0;
		};
		195C55EC1CFEFD9F00F61FB7 /* Frameworks */ = {
			isa = PBXFrameworksBuildPhase;
			buildActionMask = 2147483647;
			files = (
			);
			runOnlyForDeploymentPostprocessing = 0;
		};
/* End PBXFrameworksBuildPhase section */

/* Begin PBXGroup section */
		195C55CD1CFEFD9F00F61FB7 = {
			isa = PBXGroup;
			children = (
				195C56671CFF0CB200F61FB7 /* SAKit */,
				195C55D81CFEFD9F00F61FB7 /* SAKitDemo */,
				195C55F21CFEFD9F00F61FB7 /* SAKitDemoTests */,
				195C55D71CFEFD9F00F61FB7 /* Products */,
				323876D4618048F867DD1E2A /* Pods */,
				54B710A81C3AB1BB6A6AD5F1 /* Frameworks */,
			);
			sourceTree = "<group>";
		};
		195C55D71CFEFD9F00F61FB7 /* Products */ = {
			isa = PBXGroup;
			children = (
				195C55D61CFEFD9F00F61FB7 /* SAKitDemo.app */,
				195C55EF1CFEFD9F00F61FB7 /* SAKitDemoTests.xctest */,
			);
			name = Products;
			sourceTree = "<group>";
		};
		195C55D81CFEFD9F00F61FB7 /* SAKitDemo */ = {
			isa = PBXGroup;
			children = (
				195C55DC1CFEFD9F00F61FB7 /* AppDelegate.h */,
				195C55DD1CFEFD9F00F61FB7 /* AppDelegate.m */,
				DA3C540C1DD1B2A100C24C0D /* RootViewController.h */,
				DA3C540D1DD1B2A100C24C0D /* RootViewController.m */,
				195C55DF1CFEFD9F00F61FB7 /* ViewController.h */,
				195C55E01CFEFD9F00F61FB7 /* ViewController.m */,
				191F0BE51D06CA2E00B445EE /* TestViewController.h */,
				191F0BE61D06CA2E00B445EE /* TestViewController.m */,
				195C55E21CFEFD9F00F61FB7 /* Main.storyboard */,
				195C55E51CFEFD9F00F61FB7 /* Assets.xcassets */,
				195C55E71CFEFD9F00F61FB7 /* LaunchScreen.storyboard */,
				195C55EA1CFEFD9F00F61FB7 /* Info.plist */,
				195C55D91CFEFD9F00F61FB7 /* Supporting Files */,
			);
			path = SAKitDemo;
			sourceTree = "<group>";
		};
		195C55D91CFEFD9F00F61FB7 /* Supporting Files */ = {
			isa = PBXGroup;
			children = (
				195C55DA1CFEFD9F00F61FB7 /* main.m */,
			);
			name = "Supporting Files";
			sourceTree = "<group>";
		};
		195C55F21CFEFD9F00F61FB7 /* SAKitDemoTests */ = {
			isa = PBXGroup;
			children = (
				195C55F31CFEFD9F00F61FB7 /* SAKitDemoTests.m */,
				195C55F51CFEFD9F00F61FB7 /* Info.plist */,
			);
			path = SAKitDemoTests;
			sourceTree = "<group>";
		};
		195C56671CFF0CB200F61FB7 /* SAKit */ = {
			isa = PBXGroup;
			children = (
				DA6DE5DC1DD49FD200777C1C /* SAAssistView */,
				DAF22B8D1DCF01F00008A81F /* SATransition */,
				DA5AEC981D77B24C0006F261 /* SACardView */,
				DA5AEC921D77B1690006F261 /* CALayer+SAExtend.h */,
				DA5AEC931D77B1690006F261 /* CALayer+SAExtend.m */,
				DAB062551DC44A5800BB3AF3 /* SAMenuView.h */,
				DAB062561DC44A5800BB3AF3 /* SAMenuView.m */,
				DA5AEC941D77B1690006F261 /* SAProgressHUD.h */,
				DA5AEC951D77B1690006F261 /* SAProgressHUD.m */,
				198DABBC1D06F18C000BDEFF /* SANavigationController.h */,
				198DABBD1D06F18C000BDEFF /* SANavigationController.m */,
				195D90B01CFFF68F00BF95DA /* SAAlert.h */,
				195D90B11CFFF68F00BF95DA /* SAAlert.m */,
				352748791D803CBE00906993 /* SAFontKit.h */,
				3527487A1D803CBE00906993 /* SAFontKit.m */,
				195C566A1CFF0CB200F61FB7 /* SAMutilSelectedItem.h */,
				195C566B1CFF0CB200F61FB7 /* SAMutilSelectedItem.m */,
				195C566C1CFF0CB200F61FB7 /* SAMutilSelectedView.h */,
				195C566D1CFF0CB200F61FB7 /* SAMutilSelectedView.m */,
				195C56701CFF0CB200F61FB7 /* UIViewController+SAExtend.h */,
				195C56711CFF0CB200F61FB7 /* UIViewController+SAExtend.m */,
				902E6B2C1D7902710011FFA5 /* UIScrollView+NextRespond.h */,
				902E6B2D1D7902710011FFA5 /* UIScrollView+NextRespond.m */,
			);
			path = SAKit;
			sourceTree = "<group>";
		};
		323876D4618048F867DD1E2A /* Pods */ = {
			isa = PBXGroup;
			children = (
				AF7BD32956DFDB632A651DAA /* Pods-SAKitDemo.debug.xcconfig */,
				DCBB27EBA3C755A3E9A43C84 /* Pods-SAKitDemo.release.xcconfig */,
			);
			name = Pods;
			sourceTree = "<group>";
		};
		54B710A81C3AB1BB6A6AD5F1 /* Frameworks */ = {
			isa = PBXGroup;
			children = (
				9FD9502FBC5354E4F863FF1E /* libPods-SAKitDemo.a */,
			);
			name = Frameworks;
			sourceTree = "<group>";
		};
		DA5AEC981D77B24C0006F261 /* SACardView */ = {
			isa = PBXGroup;
			children = (
				DA6DE5C41DD49FC000777C1C /* SACardAssistKit.h */,
				DA6DE5C51DD49FC000777C1C /* SACardAssistKit.m */,
				DA6DE5C61DD49FC000777C1C /* SACardInfoBottomView.h */,
				DA6DE5C71DD49FC000777C1C /* SACardInfoBottomView.m */,
				DA6DE5C81DD49FC000777C1C /* SACardInfoCollectionViewLayout.h */,
				DA6DE5C91DD49FC000777C1C /* SACardInfoCollectionViewLayout.m */,
				DA6DE5CA1DD49FC000777C1C /* SACardInfoTopView.h */,
				DA6DE5CB1DD49FC000777C1C /* SACardInfoTopView.m */,
				DA6DE5CC1DD49FC000777C1C /* SACardInfoView.h */,
				DA6DE5CD1DD49FC000777C1C /* SACardInfoView.m */,
				DA6DE5CE1DD49FC000777C1C /* SACardInfoViewManager.h */,
				DA6DE5CF1DD49FC000777C1C /* SACardInfoViewManager.m */,
				DA6DE5D01DD49FC000777C1C /* SAPageControl.h */,
				DA6DE5D11DD49FC000777C1C /* SAPageControl.m */,
				DA6DE5D21DD49FC000777C1C /* UIView+SAExtend.h */,
				DA6DE5D31DD49FC000777C1C /* UIView+SAExtend.m */,
				DA5AEC991D77B2B10006F261 /* SACardView.h */,
				DA5AEC9A1D77B2B10006F261 /* SACardView.m */,
				DA4505E81D91227600634F95 /* SACardSingleView.h */,
				DA4505E91D91227600634F95 /* SACardSingleView.m */,
			);
			path = SACardView;
			sourceTree = "<group>";
		};
		DA6DE5DC1DD49FD200777C1C /* SAAssistView */ = {
			isa = PBXGroup;
			children = (
				DA6DE5DD1DD49FD200777C1C /* SABubbleView.h */,
				DA6DE5DE1DD49FD200777C1C /* SABubbleView.m */,
				DA6DE5DF1DD49FD200777C1C /* SACardAssistView.h */,
				DA6DE5E01DD49FD200777C1C /* SACardAssistView.m */,
				DA6DE5E11DD49FD200777C1C /* SACardCollectionViewLayout.h */,
				DA6DE5E21DD49FD200777C1C /* SACardCollectionViewLayout.m */,
				DA6DE5E31DD49FD200777C1C /* SACardScanCodeView.h */,
				DA6DE5E41DD49FD200777C1C /* SACardScanCodeView.m */,
				DA6DE5E51DD49FD200777C1C /* SAScanCodeView.h */,
				DA6DE5E61DD49FD200777C1C /* SAScanCodeView.m */,
			);
			path = SAAssistView;
			sourceTree = "<group>";
		};
		DAF22B8D1DCF01F00008A81F /* SATransition */ = {
			isa = PBXGroup;
			children = (
				DAF22B8E1DCF031B0008A81F /* SATransitionReversibleAnimation.h */,
				DAF22B8F1DCF031B0008A81F /* SATransitionReversibleAnimation.m */,
				DAF22B941DCF12C50008A81F /* SATransitionEdgePanInteraction.h */,
				DAF22B951DCF12C60008A81F /* SATransitionEdgePanInteraction.m */,
			);
			path = SATransition;
			sourceTree = "<group>";
		};
/* End PBXGroup section */

/* Begin PBXNativeTarget section */
		195C55D51CFEFD9F00F61FB7 /* SAKitDemo */ = {
			isa = PBXNativeTarget;
			buildConfigurationList = 195C55F81CFEFD9F00F61FB7 /* Build configuration list for PBXNativeTarget "SAKitDemo" */;
			buildPhases = (
				AC0AD90211341103AC7C0C54 /* [CP] Check Pods Manifest.lock */,
				195C55D21CFEFD9F00F61FB7 /* Sources */,
				195C55D31CFEFD9F00F61FB7 /* Frameworks */,
				195C55D41CFEFD9F00F61FB7 /* Resources */,
				360AD8992AB761BB9CF734A1 /* [CP] Embed Pods Frameworks */,
				CA2C7C68FE2E417052E2D56E /* [CP] Copy Pods Resources */,
				E3020130C36FB2AC09433EEA /* Embed Pods Frameworks */,
			);
			buildRules = (
			);
			dependencies = (
			);
			name = SAKitDemo;
			productName = SAKitDemo;
			productReference = 195C55D61CFEFD9F00F61FB7 /* SAKitDemo.app */;
			productType = "com.apple.product-type.application";
		};
		195C55EE1CFEFD9F00F61FB7 /* SAKitDemoTests */ = {
			isa = PBXNativeTarget;
			buildConfigurationList = 195C55FB1CFEFD9F00F61FB7 /* Build configuration list for PBXNativeTarget "SAKitDemoTests" */;
			buildPhases = (
				195C55EB1CFEFD9F00F61FB7 /* Sources */,
				195C55EC1CFEFD9F00F61FB7 /* Frameworks */,
				195C55ED1CFEFD9F00F61FB7 /* Resources */,
			);
			buildRules = (
			);
			dependencies = (
				195C55F11CFEFD9F00F61FB7 /* PBXTargetDependency */,
			);
			name = SAKitDemoTests;
			productName = SAKitDemoTests;
			productReference = 195C55EF1CFEFD9F00F61FB7 /* SAKitDemoTests.xctest */;
			productType = "com.apple.product-type.bundle.unit-test";
		};
/* End PBXNativeTarget section */

/* Begin PBXProject section */
		195C55CE1CFEFD9F00F61FB7 /* Project object */ = {
			isa = PBXProject;
			attributes = {
				LastUpgradeCheck = 0730;
				ORGANIZATIONNAME = "学宝工作室";
				TargetAttributes = {
					195C55D51CFEFD9F00F61FB7 = {
						CreatedOnToolsVersion = 7.3.1;
						DevelopmentTeam = XDK267KQ83;
						SystemCapabilities = {
							com.apple.BackgroundModes = {
								enabled = 1;
							};
						};
					};
					195C55EE1CFEFD9F00F61FB7 = {
						CreatedOnToolsVersion = 7.3.1;
						TestTargetID = 195C55D51CFEFD9F00F61FB7;
					};
				};
			};
			buildConfigurationList = 195C55D11CFEFD9F00F61FB7 /* Build configuration list for PBXProject "SAKitDemo" */;
			compatibilityVersion = "Xcode 3.2";
			developmentRegion = English;
			hasScannedForEncodings = 0;
			knownRegions = (
				en,
				Base,
			);
			mainGroup = 195C55CD1CFEFD9F00F61FB7;
			productRefGroup = 195C55D71CFEFD9F00F61FB7 /* Products */;
			projectDirPath = "";
			projectRoot = "";
			targets = (
				195C55D51CFEFD9F00F61FB7 /* SAKitDemo */,
				195C55EE1CFEFD9F00F61FB7 /* SAKitDemoTests */,
			);
		};
/* End PBXProject section */

/* Begin PBXResourcesBuildPhase section */
		195C55D41CFEFD9F00F61FB7 /* Resources */ = {
			isa = PBXResourcesBuildPhase;
			buildActionMask = 2147483647;
			files = (
				195C55E91CFEFD9F00F61FB7 /* LaunchScreen.storyboard in Resources */,
				195C55E61CFEFD9F00F61FB7 /* Assets.xcassets in Resources */,
				195C55E41CFEFD9F00F61FB7 /* Main.storyboard in Resources */,
			);
			runOnlyForDeploymentPostprocessing = 0;
		};
		195C55ED1CFEFD9F00F61FB7 /* Resources */ = {
			isa = PBXResourcesBuildPhase;
			buildActionMask = 2147483647;
			files = (
			);
			runOnlyForDeploymentPostprocessing = 0;
		};
/* End PBXResourcesBuildPhase section */

/* Begin PBXShellScriptBuildPhase section */
		360AD8992AB761BB9CF734A1 /* [CP] Embed Pods Frameworks */ = {
			isa = PBXShellScriptBuildPhase;
			buildActionMask = 2147483647;
			files = (
			);
			inputPaths = (
			);
			name = "[CP] Embed Pods Frameworks";
			outputPaths = (
			);
			runOnlyForDeploymentPostprocessing = 0;
			shellPath = /bin/sh;
			shellScript = "\"${SRCROOT}/Pods/Target Support Files/Pods-SAKitDemo/Pods-SAKitDemo-frameworks.sh\"\n";
			showEnvVarsInLog = 0;
		};
		AC0AD90211341103AC7C0C54 /* [CP] Check Pods Manifest.lock */ = {
			isa = PBXShellScriptBuildPhase;
			buildActionMask = 2147483647;
			files = (
			);
			inputPaths = (
			);
			name = "[CP] Check Pods Manifest.lock";
			outputPaths = (
			);
			runOnlyForDeploymentPostprocessing = 0;
			shellPath = /bin/sh;
			shellScript = "diff \"${PODS_ROOT}/../Podfile.lock\" \"${PODS_ROOT}/Manifest.lock\" > /dev/null\nif [[ $? != 0 ]] ; then\n    cat << EOM\nerror: The sandbox is not in sync with the Podfile.lock. Run 'pod install' or update your CocoaPods installation.\nEOM\n    exit 1\nfi\n";
			showEnvVarsInLog = 0;
		};
		CA2C7C68FE2E417052E2D56E /* [CP] Copy Pods Resources */ = {
			isa = PBXShellScriptBuildPhase;
			buildActionMask = 2147483647;
			files = (
			);
			inputPaths = (
			);
			name = "[CP] Copy Pods Resources";
			outputPaths = (
			);
			runOnlyForDeploymentPostprocessing = 0;
			shellPath = /bin/sh;
			shellScript = "\"${SRCROOT}/Pods/Target Support Files/Pods-SAKitDemo/Pods-SAKitDemo-resources.sh\"\n";
			showEnvVarsInLog = 0;
		};
		E3020130C36FB2AC09433EEA /* Embed Pods Frameworks */ = {
			isa = PBXShellScriptBuildPhase;
			buildActionMask = 2147483647;
			files = (
			);
			inputPaths = (
			);
			name = "Embed Pods Frameworks";
			outputPaths = (
			);
			runOnlyForDeploymentPostprocessing = 0;
			shellPath = /bin/sh;
			shellScript = "\"${SRCROOT}/Pods/Target Support Files/Pods-SAKitDemo/Pods-SAKitDemo-frameworks.sh\"\n";
			showEnvVarsInLog = 0;
		};
/* End PBXShellScriptBuildPhase section */

/* Begin PBXSourcesBuildPhase section */
		195C55D21CFEFD9F00F61FB7 /* Sources */ = {
			isa = PBXSourcesBuildPhase;
			buildActionMask = 2147483647;
			files = (
				DA6DE5D81DD49FC000777C1C /* SACardInfoView.m in Sources */,
				195C55E11CFEFD9F00F61FB7 /* ViewController.m in Sources */,
				DAF22B901DCF031B0008A81F /* SATransitionReversibleAnimation.m in Sources */,
				195C56761CFF0CB200F61FB7 /* UIViewController+SAExtend.m in Sources */,
				DA5AEC961D77B1690006F261 /* CALayer+SAExtend.m in Sources */,
				902E6B2E1D7902710011FFA5 /* UIScrollView+NextRespond.m in Sources */,
				DA3C540E1DD1B2A100C24C0D /* RootViewController.m in Sources */,
				DA5AEC971D77B1690006F261 /* SAProgressHUD.m in Sources */,
				198DABBE1D06F18C000BDEFF /* SANavigationController.m in Sources */,
				DA6DE5D61DD49FC000777C1C /* SACardInfoCollectionViewLayout.m in Sources */,
				191F0BE71D06CA2E00B445EE /* TestViewController.m in Sources */,
				195D90B21CFFF68F00BF95DA /* SAAlert.m in Sources */,
				DA6DE5E81DD49FD200777C1C /* SACardAssistView.m in Sources */,
				DA6DE5DA1DD49FC000777C1C /* SAPageControl.m in Sources */,
				DA6DE5D51DD49FC000777C1C /* SACardInfoBottomView.m in Sources */,
				DA4505EA1D91227600634F95 /* SACardSingleView.m in Sources */,
				3527487B1D803CBE00906993 /* SAFontKit.m in Sources */,
				DA6DE5E71DD49FD200777C1C /* SABubbleView.m in Sources */,
				DAB062571DC44A5800BB3AF3 /* SAMenuView.m in Sources */,
				DA6DE5D41DD49FC000777C1C /* SACardAssistKit.m in Sources */,
				DA6DE5E91DD49FD200777C1C /* SACardCollectionViewLayout.m in Sources */,
				195C56731CFF0CB200F61FB7 /* SAMutilSelectedItem.m in Sources */,
				DA6DE5EA1DD49FD200777C1C /* SACardScanCodeView.m in Sources */,
				DA5AEC9B1D77B2B10006F261 /* SACardView.m in Sources */,
				DAF22B961DCF12C60008A81F /* SATransitionEdgePanInteraction.m in Sources */,
				195C55DE1CFEFD9F00F61FB7 /* AppDelegate.m in Sources */,
				DA6DE5EB1DD49FD200777C1C /* SAScanCodeView.m in Sources */,
				DA6DE5DB1DD49FC000777C1C /* UIView+SAExtend.m in Sources */,
				195C55DB1CFEFD9F00F61FB7 /* main.m in Sources */,
				195C56741CFF0CB200F61FB7 /* SAMutilSelectedView.m in Sources */,
				DA6DE5D71DD49FC000777C1C /* SACardInfoTopView.m in Sources */,
				DA6DE5D91DD49FC000777C1C /* SACardInfoViewManager.m in Sources */,
			);
			runOnlyForDeploymentPostprocessing = 0;
		};
		195C55EB1CFEFD9F00F61FB7 /* Sources */ = {
			isa = PBXSourcesBuildPhase;
			buildActionMask = 2147483647;
			files = (
				195C55F41CFEFD9F00F61FB7 /* SAKitDemoTests.m in Sources */,
			);
			runOnlyForDeploymentPostprocessing = 0;
		};
/* End PBXSourcesBuildPhase section */

/* Begin PBXTargetDependency section */
		195C55F11CFEFD9F00F61FB7 /* PBXTargetDependency */ = {
			isa = PBXTargetDependency;
			target = 195C55D51CFEFD9F00F61FB7 /* SAKitDemo */;
			targetProxy = 195C55F01CFEFD9F00F61FB7 /* PBXContainerItemProxy */;
		};
/* End PBXTargetDependency section */

/* Begin PBXVariantGroup section */
		195C55E21CFEFD9F00F61FB7 /* Main.storyboard */ = {
			isa = PBXVariantGroup;
			children = (
				195C55E31CFEFD9F00F61FB7 /* Base */,
			);
			name = Main.storyboard;
			sourceTree = "<group>";
		};
		195C55E71CFEFD9F00F61FB7 /* LaunchScreen.storyboard */ = {
			isa = PBXVariantGroup;
			children = (
				195C55E81CFEFD9F00F61FB7 /* Base */,
			);
			name = LaunchScreen.storyboard;
			sourceTree = "<group>";
		};
/* End PBXVariantGroup section */

/* Begin XCBuildConfiguration section */
		195C55F61CFEFD9F00F61FB7 /* Debug */ = {
			isa = XCBuildConfiguration;
			buildSettings = {
				ALWAYS_SEARCH_USER_PATHS = NO;
				CLANG_ANALYZER_NONNULL = YES;
				CLANG_CXX_LANGUAGE_STANDARD = "gnu++0x";
				CLANG_CXX_LIBRARY = "libc++";
				CLANG_ENABLE_MODULES = YES;
				CLANG_ENABLE_OBJC_ARC = YES;
				CLANG_WARN_BOOL_CONVERSION = YES;
				CLANG_WARN_CONSTANT_CONVERSION = YES;
				CLANG_WARN_DIRECT_OBJC_ISA_USAGE = YES_ERROR;
				CLANG_WARN_EMPTY_BODY = YES;
				CLANG_WARN_ENUM_CONVERSION = YES;
				CLANG_WARN_INT_CONVERSION = YES;
				CLANG_WARN_OBJC_ROOT_CLASS = YES_ERROR;
				CLANG_WARN_UNREACHABLE_CODE = YES;
				CLANG_WARN__DUPLICATE_METHOD_MATCH = YES;
				"CODE_SIGN_IDENTITY[sdk=iphoneos*]" = "iPhone Developer";
				COPY_PHASE_STRIP = NO;
				DEBUG_INFORMATION_FORMAT = dwarf;
				ENABLE_STRICT_OBJC_MSGSEND = YES;
				ENABLE_TESTABILITY = YES;
				GCC_C_LANGUAGE_STANDARD = gnu99;
				GCC_DYNAMIC_NO_PIC = NO;
				GCC_NO_COMMON_BLOCKS = YES;
				GCC_OPTIMIZATION_LEVEL = 0;
				GCC_PREPROCESSOR_DEFINITIONS = (
					"DEBUG=1",
					"$(inherited)",
				);
				GCC_WARN_64_TO_32_BIT_CONVERSION = YES;
				GCC_WARN_ABOUT_RETURN_TYPE = YES_ERROR;
				GCC_WARN_UNDECLARED_SELECTOR = YES;
				GCC_WARN_UNINITIALIZED_AUTOS = YES_AGGRESSIVE;
				GCC_WARN_UNUSED_FUNCTION = YES;
				GCC_WARN_UNUSED_VARIABLE = YES;
				IPHONEOS_DEPLOYMENT_TARGET = 7.0;
				MTL_ENABLE_DEBUG_INFO = YES;
				ONLY_ACTIVE_ARCH = YES;
				SDKROOT = iphoneos;
			};
			name = Debug;
		};
		195C55F71CFEFD9F00F61FB7 /* Release */ = {
			isa = XCBuildConfiguration;
			buildSettings = {
				ALWAYS_SEARCH_USER_PATHS = NO;
				CLANG_ANALYZER_NONNULL = YES;
				CLANG_CXX_LANGUAGE_STANDARD = "gnu++0x";
				CLANG_CXX_LIBRARY = "libc++";
				CLANG_ENABLE_MODULES = YES;
				CLANG_ENABLE_OBJC_ARC = YES;
				CLANG_WARN_BOOL_CONVERSION = YES;
				CLANG_WARN_CONSTANT_CONVERSION = YES;
				CLANG_WARN_DIRECT_OBJC_ISA_USAGE = YES_ERROR;
				CLANG_WARN_EMPTY_BODY = YES;
				CLANG_WARN_ENUM_CONVERSION = YES;
				CLANG_WARN_INT_CONVERSION = YES;
				CLANG_WARN_OBJC_ROOT_CLASS = YES_ERROR;
				CLANG_WARN_UNREACHABLE_CODE = YES;
				CLANG_WARN__DUPLICATE_METHOD_MATCH = YES;
				"CODE_SIGN_IDENTITY[sdk=iphoneos*]" = "iPhone Developer";
				COPY_PHASE_STRIP = NO;
				DEBUG_INFORMATION_FORMAT = "dwarf-with-dsym";
				ENABLE_NS_ASSERTIONS = NO;
				ENABLE_STRICT_OBJC_MSGSEND = YES;
				GCC_C_LANGUAGE_STANDARD = gnu99;
				GCC_NO_COMMON_BLOCKS = YES;
				GCC_WARN_64_TO_32_BIT_CONVERSION = YES;
				GCC_WARN_ABOUT_RETURN_TYPE = YES_ERROR;
				GCC_WARN_UNDECLARED_SELECTOR = YES;
				GCC_WARN_UNINITIALIZED_AUTOS = YES_AGGRESSIVE;
				GCC_WARN_UNUSED_FUNCTION = YES;
				GCC_WARN_UNUSED_VARIABLE = YES;
				IPHONEOS_DEPLOYMENT_TARGET = 7.0;
				MTL_ENABLE_DEBUG_INFO = NO;
				SDKROOT = iphoneos;
				VALIDATE_PRODUCT = YES;
			};
			name = Release;
		};
		195C55F91CFEFD9F00F61FB7 /* Debug */ = {
			isa = XCBuildConfiguration;
			baseConfigurationReference = AF7BD32956DFDB632A651DAA /* Pods-SAKitDemo.debug.xcconfig */;
			buildSettings = {
				ASSETCATALOG_COMPILER_APPICON_NAME = AppIcon;
				CODE_SIGN_IDENTITY = "iPhone Developer";
				"CODE_SIGN_IDENTITY[sdk=iphoneos*]" = "iPhone Developer";
				INFOPLIST_FILE = SAKitDemo/Info.plist;
				IPHONEOS_DEPLOYMENT_TARGET = 7.0;
				LD_RUNPATH_SEARCH_PATHS = "$(inherited) @executable_path/Frameworks";
				PRODUCT_BUNDLE_IDENTIFIER = com.xuebao.SAKit;
				PRODUCT_NAME = "$(TARGET_NAME)";
				PROVISIONING_PROFILE = "";
			};
			name = Debug;
		};
		195C55FA1CFEFD9F00F61FB7 /* Release */ = {
			isa = XCBuildConfiguration;
			baseConfigurationReference = DCBB27EBA3C755A3E9A43C84 /* Pods-SAKitDemo.release.xcconfig */;
			buildSettings = {
				ASSETCATALOG_COMPILER_APPICON_NAME = AppIcon;
				CODE_SIGN_IDENTITY = "iPhone Developer";
				"CODE_SIGN_IDENTITY[sdk=iphoneos*]" = "iPhone Developer";
				INFOPLIST_FILE = SAKitDemo/Info.plist;
				IPHONEOS_DEPLOYMENT_TARGET = 7.0;
				LD_RUNPATH_SEARCH_PATHS = "$(inherited) @executable_path/Frameworks";
				PRODUCT_BUNDLE_IDENTIFIER = com.xuebao.SAKit;
				PRODUCT_NAME = "$(TARGET_NAME)";
				PROVISIONING_PROFILE = "";
			};
			name = Release;
		};
		195C55FC1CFEFD9F00F61FB7 /* Debug */ = {
			isa = XCBuildConfiguration;
			buildSettings = {
				BUNDLE_LOADER = "$(TEST_HOST)";
				INFOPLIST_FILE = SAKitDemoTests/Info.plist;
				LD_RUNPATH_SEARCH_PATHS = "$(inherited) @executable_path/Frameworks @loader_path/Frameworks";
				PRODUCT_BUNDLE_IDENTIFIER = com.xuebao.SAKitDemoTests;
				PRODUCT_NAME = "$(TARGET_NAME)";
				TEST_HOST = "$(BUILT_PRODUCTS_DIR)/SAKitDemo.app/SAKitDemo";
			};
			name = Debug;
		};
		195C55FD1CFEFD9F00F61FB7 /* Release */ = {
			isa = XCBuildConfiguration;
			buildSettings = {
				BUNDLE_LOADER = "$(TEST_HOST)";
				INFOPLIST_FILE = SAKitDemoTests/Info.plist;
				LD_RUNPATH_SEARCH_PATHS = "$(inherited) @executable_path/Frameworks @loader_path/Frameworks";
				PRODUCT_BUNDLE_IDENTIFIER = com.xuebao.SAKitDemoTests;
				PRODUCT_NAME = "$(TARGET_NAME)";
				TEST_HOST = "$(BUILT_PRODUCTS_DIR)/SAKitDemo.app/SAKitDemo";
			};
			name = Release;
		};
/* End XCBuildConfiguration section */

/* Begin XCConfigurationList section */
		195C55D11CFEFD9F00F61FB7 /* Build configuration list for PBXProject "SAKitDemo" */ = {
			isa = XCConfigurationList;
			buildConfigurations = (
				195C55F61CFEFD9F00F61FB7 /* Debug */,
				195C55F71CFEFD9F00F61FB7 /* Release */,
			);
			defaultConfigurationIsVisible = 0;
			defaultConfigurationName = Release;
		};
		195C55F81CFEFD9F00F61FB7 /* Build configuration list for PBXNativeTarget "SAKitDemo" */ = {
			isa = XCConfigurationList;
			buildConfigurations = (
				195C55F91CFEFD9F00F61FB7 /* Debug */,
				195C55FA1CFEFD9F00F61FB7 /* Release */,
			);
			defaultConfigurationIsVisible = 0;
			defaultConfigurationName = Release;
		};
		195C55FB1CFEFD9F00F61FB7 /* Build configuration list for PBXNativeTarget "SAKitDemoTests" */ = {
			isa = XCConfigurationList;
			buildConfigurations = (
				195C55FC1CFEFD9F00F61FB7 /* Debug */,
				195C55FD1CFEFD9F00F61FB7 /* Release */,
			);
			defaultConfigurationIsVisible = 0;
			defaultConfigurationName = Release;
		};
/* End XCConfigurationList section */
	};
	rootObject = 195C55CE1CFEFD9F00F61FB7 /* Project object */;
}
